{
  "name": "object-state-history",
  "version": "3.0.0",
  "lockfileVersion": 3,
  "requires": true,
  "packages": {
    "": {
      "name": "object-state-history",
      "version": "3.0.0",
      "license": "MIT",
      "devDependencies": {
        "object-state-history-develop": "github:sergiofasilva/object-state-history#develop"
      },
      "engines": {
        "node": ">=18.0.0"
      }
    },
    "node_modules/object-state-history-develop": {
      "name": "object-state-history",
      "version": "2.0.1",
      "resolved": "git+ssh://git@github.com/sergiofasilva/object-state-history.git#2e340a96b59c15f04f7d6dae896d55f9b71518fe",
      "dev": true,
      "license": "MIT",
      "engines": {
        "node": ">=18.0.0"
      }
    }
  }
}
