{
  "name": "object-state-history",
  "version": "2.0.1",
  "lockfileVersion": 3,
  "requires": true,
  "packages": {
    "": {
      "name": "object-state-history",
      "version": "2.0.1",
      "license": "MIT",
      "devDependencies": {
        "object-state-history-develop": "github:sergiofasilva/object-state-history#develop"
      },
      "engines": {
        "node": ">=18.0.0"
      }
    },
    "node_modules/object-state-history-develop": {
      "name": "object-state-history",
      "version": "0.0.6",
      "resolved": "git+ssh://git@github.com/sergiofasilva/object-state-history.git#159e7e8ec432e3f7a2bacdc2af43c52c8974ff00",
      "dev": true,
      "license": "MIT",
      "engines": {
        "node": ">=18.0.0"
      }
    }
  }
}
